// !$*UTF8*$!
{
	archiveVersion = 1;
	classes = {
	};
	objectVersion = 77;
	objects = {

/* Begin PBXBuildFile section */
		428C5D7D2FB0200300974489 /* WidgetKit.framework in Frameworks */ = {isa = PBXBuildFile; fileRef = 428C5D7C2FB0200300974489 /* WidgetKit.framework */; };
		428C5D7F2FB0200300974489 /* SwiftUI.framework in Frameworks */ = {isa = PBXBuildFile; fileRef = 428C5D7E2FB0200300974489 /* SwiftUI.framework */; };
		428C5D8C2FB0200400974489 /* QuoteWidgetExtension.appex in Embed Foundation Extensions */ = {isa = PBXBuildFile; fileRef = 428C5D7A2FB0200300974489 /* QuoteWidgetExtension.appex */; settings = {ATTRIBUTES = (RemoveHeadersOnCopy, ); }; };
/* End PBXBuildFile section */

/* Begin PBXContainerItemProxy section */
		428C5D5A2FB01FDC00974489 /* PBXContainerItemProxy */ = {
			isa = PBXContainerItemProxy;
			containerPortal = 428C5D422FB01FDB00974489 /* Project object */;
			proxyType = 1;
			remoteGlobalIDString = 428C5D492FB01FDB00974489;
			remoteInfo = personal_quotes;
		};
		428C5D642FB01FDC00974489 /* PBXContainerItemProxy */ = {
			isa = PBXContainerItemProxy;
			containerPortal = 428C5D422FB01FDB00974489 /* Project object */;
			proxyType = 1;
			remoteGlobalIDString = 428C5D492FB01FDB00974489;
			remoteInfo = personal_quotes;
		};
		428C5D8A2FB0200400974489 /* PBXContainerItemProxy */ = {
			isa = PBXContainerItemProxy;
			containerPortal = 428C5D422FB01FDB00974489 /* Project object */;
			proxyType = 1;
			remoteGlobalIDString = 428C5D792FB0200300974489;
			remoteInfo = QuoteWidgetExtension;
		};
/* End PBXContainerItemProxy section */

/* Begin PBXCopyFilesBuildPhase section */
		428C5D912FB0200400974489 /* Embed Foundation Extensions */ = {
			isa = PBXCopyFilesBuildPhase;
			buildActionMask = 2147483647;
			dstPath = "";
			dstSubfolderSpec = 13;
			files = (
				428C5D8C2FB0200400974489 /* QuoteWidgetExtension.appex in Embed Foundation Extensions */,
			);
			name = "Embed Foundation Extensions";
			runOnlyForDeploymentPostprocessing = 0;
		};
/* End PBXCopyFilesBuildPhase section */

/* Begin PBXFileReference section */
		428C5D4A2FB01FDB00974489 /* personal_quotes.app */ = {isa = PBXFileReference; explicitFileType = wrapper.application; includeInIndex = 0; path = personal_quotes.app; sourceTree = BUILT_PRODUCTS_DIR; };
		428C5D592FB01FDC00974489 /* personal_quotesTests.xctest */ = {isa = PBXFileReference; explicitFileType = wrapper.cfbundle; includeInIndex = 0; path = personal_quotesTests.xctest; sourceTree = BUILT_PRODUCTS_DIR; };
		428C5D632FB01FDC00974489 /* personal_quotesUITests.xctest */ = {isa = PBXFileReference; explicitFileType = wrapper.cfbundle; includeInIndex = 0; path = personal_quotesUITests.xctest; sourceTree = BUILT_PRODUCTS_DIR; };
		428C5D7A2FB0200300974489 /* QuoteWidgetExtension.appex */ = {isa = PBXFileReference; explicitFileType = "wrapper.app-extension"; includeInIndex = 0; path = QuoteWidgetExtension.appex; sourceTree = BUILT_PRODUCTS_DIR; };
		428C5D7C2FB0200300974489 /* WidgetKit.framework */ = {isa = PBXFileReference; lastKnownFileType = wrapper.framework; name = WidgetKit.framework; path = System/Library/Frameworks/WidgetKit.framework; sourceTree = SDKROOT; };
		428C5D7E2FB0200300974489 /* SwiftUI.framework */ = {isa = PBXFileReference; lastKnownFileType = wrapper.framework; name = SwiftUI.framework; path = System/Library/Frameworks/SwiftUI.framework; sourceTree = SDKROOT; };
/* End PBXFileReference section */

/* Begin PBXFileSystemSynchronizedBuildFileExceptionSet section */
		428C5D8D2FB0200400974489 /* Exceptions for "QuoteWidget" folder in "QuoteWidgetExtension" target */ = {
			isa = PBXFileSystemSynchronizedBuildFileExceptionSet;
			membershipExceptions = (
				Info.plist,
			);
			target = 428C5D792FB0200300974489 /* QuoteWidgetExtension */;
		};
/* End PBXFileSystemSynchronizedBuildFileExceptionSet section */

/* Begin PBXFileSystemSynchronizedRootGroup section */
		428C5D4C2FB01FDB00974489 /* personal_quotes */ = {
			isa = PBXFileSystemSynchronizedRootGroup;
			path = personal_quotes;
			sourceTree = "<group>";
		};
		428C5D5C2FB01FDC00974489 /* personal_quotesTests */ = {
			isa = PBXFileSystemSynchronizedRootGroup;
			path = personal_quotesTests;
			sourceTree = "<group>";
		};
		428C5D662FB01FDC00974489 /* personal_quotesUITests */ = {
			isa = PBXFileSystemSynchronizedRootGroup;
			path = personal_quotesUITests;
			sourceTree = "<group>";
		};
		428C5D802FB0200300974489 /* QuoteWidget */ = {
			isa = PBXFileSystemSynchronizedRootGroup;
			exceptions = (
				428C5D8D2FB0200400974489 /* Exceptions for "QuoteWidget" folder in "QuoteWidgetExtension" target */,
			);
			path = QuoteWidget;
			sourceTree = "<group>";
		};
/* End PBXFileSystemSynchronizedRootGroup section */

/* Begin PBXFrameworksBuildPhase section */
		428C5D472FB01FDB00974489 /* Frameworks */ = {
			isa = PBXFrameworksBuildPhase;
			buildActionMask = 2147483647;
			files = (
			);
			runOnlyForDeploymentPostprocessing = 0;
		};
		428C5D562FB01FDC00974489 /* Frameworks */ = {
			isa = PBXFrameworksBuildPhase;
			buildActionMask = 2147483647;
			files = (
			);
			runOnlyForDeploymentPostprocessing = 0;
		};
		428C5D602FB01FDC00974489 /* Frameworks */ = {
			isa = PBXFrameworksBuildPhase;
			buildActionMask = 2147483647;
			files = (
			);
			runOnlyForDeploymentPostprocessing = 0;
		};
		428C5D772FB0200300974489 /* Frameworks */ = {
			isa = PBXFrameworksBuildPhase;
			buildActionMask = 2147483647;
			files = (
				428C5D7F2FB0200300974489 /* SwiftUI.framework in Frameworks */,
				428C5D7D2FB0200300974489 /* WidgetKit.framework in Frameworks */,
			);
			runOnlyForDeploymentPostprocessing = 0;
		};
/* End PBXFrameworksBuildPhase section */

/* Begin PBXGroup section */
		428C5D412FB01FDB00974489 = {
			isa = PBXGroup;
			children = (
				428C5D4C2FB01FDB00974489 /* personal_quotes */,
				428C5D5C2FB01FDC00974489 /* personal_quotesTests */,
				428C5D662FB01FDC00974489 /* personal_quotesUITests */,
				428C5D802FB0200300974489 /* QuoteWidget */,
				428C5D7B2FB0200300974489 /* Frameworks */,
				428C5D4B2FB01FDB00974489 /* Products */,
			);
			sourceTree = "<group>";
		};
		428C5D4B2FB01FDB00974489 /* Products */ = {
			isa = PBXGroup;
			children = (
				428C5D4A2FB01FDB00974489 /* personal_quotes.app */,
				428C5D592FB01FDC00974489 /* personal_quotesTests.xctest */,
				428C5D632FB01FDC00974489 /* personal_quotesUITests.xctest */,
				428C5D7A2FB0200300974489 /* QuoteWidgetExtension.appex */,
			);
			name = Products;
			sourceTree = "<group>";
		};
		428C5D7B2FB0200300974489 /* Frameworks */ = {
			isa = PBXGroup;
			children = (
				428C5D7C2FB0200300974489 /* WidgetKit.framework */,
				428C5D7E2FB0200300974489 /* SwiftUI.framework */,
			);
			name = Frameworks;
			sourceTree = "<group>";
		};
/* End PBXGroup section */

/* Begin PBXNativeTarget section */
		428C5D492FB01FDB00974489 /* personal_quotes */ = {
			isa = PBXNativeTarget;
			buildConfigurationList = 428C5D6D2FB01FDC00974489 /* Build configuration list for PBXNativeTarget "personal_quotes" */;
			buildPhases = (
				428C5D462FB01FDB00974489 /* Sources */,
				428C5D472FB01FDB00974489 /* Frameworks */,
				428C5D482FB01FDB00974489 /* Resources */,
				428C5D912FB0200400974489 /* Embed Foundation Extensions */,
			);
			buildRules = (
			);
			dependencies = (
				428C5D8B2FB0200400974489 /* PBXTargetDependency */,
			);
			fileSystemSynchronizedGroups = (
				428C5D4C2FB01FDB00974489 /* personal_quotes */,
			);
			name = personal_quotes;
			packageProductDependencies = (
			);
			productName = personal_quotes;
			productReference = 428C5D4A2FB01FDB00974489 /* personal_quotes.app */;
			productType = "com.apple.product-type.application";
		};
		428C5D582FB01FDC00974489 /* personal_quotesTests */ = {
			isa = PBXNativeTarget;
			buildConfigurationList = 428C5D702FB01FDC00974489 /* Build configuration list for PBXNativeTarget "personal_quotesTests" */;
			buildPhases = (
				428C5D552FB01FDC00974489 /* Sources */,
				428C5D562FB01FDC00974489 /* Frameworks */,
				428C5D572FB01FDC00974489 /* Resources */,
			);
			buildRules = (
			);
			dependencies = (
				428C5D5B2FB01FDC00974489 /* PBXTargetDependency */,
			);
			fileSystemSynchronizedGroups = (
				428C5D5C2FB01FDC00974489 /* personal_quotesTests */,
			);
			name = personal_quotesTests;
			packageProductDependencies = (
			);
			productName = personal_quotesTests;
			productReference = 428C5D592FB01FDC00974489 /* personal_quotesTests.xctest */;
			productType = "com.apple.product-type.bundle.unit-test";
		};
		428C5D622FB01FDC00974489 /* personal_quotesUITests */ = {
			isa = PBXNativeTarget;
			buildConfigurationList = 428C5D732FB01FDC00974489 /* Build configuration list for PBXNativeTarget "personal_quotesUITests" */;
			buildPhases = (
				428C5D5F2FB01FDC00974489 /* Sources */,
				428C5D602FB01FDC00974489 /* Frameworks */,
				428C5D612FB01FDC00974489 /* Resources */,
			);
			buildRules = (
			);
			dependencies = (
				428C5D652FB01FDC00974489 /* PBXTargetDependency */,
			);
			fileSystemSynchronizedGroups = (
				428C5D662FB01FDC00974489 /* personal_quotesUITests */,
			);
			name = personal_quotesUITests;
			packageProductDependencies = (
			);
			productName = personal_quotesUITests;
			productReference = 428C5D632FB01FDC00974489 /* personal_quotesUITests.xctest */;
			productType = "com.apple.product-type.bundle.ui-testing";
		};
		428C5D792FB0200300974489 /* QuoteWidgetExtension */ = {
			isa = PBXNativeTarget;
			buildConfigurationList = 428C5D8E2FB0200400974489 /* Build configuration list for PBXNativeTarget "QuoteWidgetExtension" */;
			buildPhases = (
				428C5D762FB0200300974489 /* Sources */,
				428C5D772FB0200300974489 /* Frameworks */,
				428C5D782FB0200300974489 /* Resources */,
			);
			buildRules = (
			);
			dependencies = (
			);
			fileSystemSynchronizedGroups = (
				428C5D802FB0200300974489 /* QuoteWidget */,
			);
			name = QuoteWidgetExtension;
			packageProductDependencies = (
			);
			productName = QuoteWidgetExtension;
			productReference = 428C5D7A2FB0200300974489 /* QuoteWidgetExtension.appex */;
			productType = "com.apple.product-type.app-extension";
		};
/* End PBXNativeTarget section */

/* Begin PBXProject section */
		428C5D422FB01FDB00974489 /* Project object */ = {
			isa = PBXProject;
			attributes = {
				BuildIndependentTargetsInParallel = 1;
				LastSwiftUpdateCheck = 2620;
				LastUpgradeCheck = 2620;
				TargetAttributes = {
					428C5D492FB01FDB00974489 = {
						CreatedOnToolsVersion = 26.2;
					};
					428C5D582FB01FDC00974489 = {
						CreatedOnToolsVersion = 26.2;
						TestTargetID = 428C5D492FB01FDB00974489;
					};
					428C5D622FB01FDC00974489 = {
						CreatedOnToolsVersion = 26.2;
						TestTargetID = 428C5D492FB01FDB00974489;
					};
					428C5D792FB0200300974489 = {
						CreatedOnToolsVersion = 26.2;
					};
				};
			};
			buildConfigurationList = 428C5D452FB01FDB00974489 /* Build configuration list for PBXProject "personal_quotes" */;
			developmentRegion = en;
			hasScannedForEncodings = 0;
			knownRegions = (
				en,
				Base,
			);
			mainGroup = 428C5D412FB01FDB00974489;
			minimizedProjectReferenceProxies = 1;
			preferredProjectObjectVersion = 77;
			productRefGroup = 428C5D4B2FB01FDB00974489 /* Products */;
			projectDirPath = "";
			projectRoot = "";
			targets = (
				428C5D492FB01FDB00974489 /* personal_quotes */,
				428C5D582FB01FDC00974489 /* personal_quotesTests */,
				428C5D622FB01FDC00974489 /* personal_quotesUITests */,
				428C5D792FB0200300974489 /* QuoteWidgetExtension */,
			);
		};
/* End PBXProject section */

/* Begin PBXResourcesBuildPhase section */
		428C5D482FB01FDB00974489 /* Resources */ = {
			isa = PBXResourcesBuildPhase;
			buildActionMask = 2147483647;
			files = (
			);
			runOnlyForDeploymentPostprocessing = 0;
		};
		428C5D572FB01FDC00974489 /* Resources */ = {
			isa = PBXResourcesBuildPhase;
			buildActionMask = 2147483647;
			files = (
			);
			runOnlyForDeploymentPostprocessing = 0;
		};
		428C5D612FB01FDC00974489 /* Resources */ = {
			isa = PBXResourcesBuildPhase;
			buildActionMask = 2147483647;
			files = (
			);
			runOnlyForDeploymentPostprocessing = 0;
		};
		428C5D782FB0200300974489 /* Resources */ = {
			isa = PBXResourcesBuildPhase;
			buildActionMask = 2147483647;
			files = (
			);
			runOnlyForDeploymentPostprocessing = 0;
		};
/* End PBXResourcesBuildPhase section */

/* Begin PBXSourcesBuildPhase section */
		428C5D462FB01FDB00974489 /* Sources */ = {
			isa = PBXSourcesBuildPhase;
			buildActionMask = 2147483647;
			files = (
			);
			runOnlyForDeploymentPostprocessing = 0;
		};
		428C5D552FB01FDC00974489 /* Sources */ = {
			isa = PBXSourcesBuildPhase;
			buildActionMask = 2147483647;
			files = (
			);
			runOnlyForDeploymentPostprocessing = 0;
		};
		428C5D5F2FB01FDC00974489 /* Sources */ = {
			isa = PBXSourcesBuildPhase;
			buildActionMask = 2147483647;
			files = (
			);
			runOnlyForDeploymentPostprocessing = 0;
		};
		428C5D762FB0200300974489 /* Sources */ = {
			isa = PBXSourcesBuildPhase;
			buildActionMask = 2147483647;
			files = (
			);
			runOnlyForDeploymentPostprocessing = 0;
		};
/* End PBXSourcesBuildPhase section */

/* Begin PBXTargetDependency section */
		428C5D5B2FB01FDC00974489 /* PBXTargetDependency */ = {
			isa = PBXTargetDependency;
			target = 428C5D492FB01FDB00974489 /* personal_quotes */;
			targetProxy = 428C5D5A2FB01FDC00974489 /* PBXContainerItemProxy */;
		};
		428C5D652FB01FDC00974489 /* PBXTargetDependency */ = {
			isa = PBXTargetDependency;
			target = 428C5D492FB01FDB00974489 /* personal_quotes */;
			targetProxy = 428C5D642FB01FDC00974489 /* PBXContainerItemProxy */;
		};
		428C5D8B2FB0200400974489 /* PBXTargetDependency */ = {
			isa = PBXTargetDependency;
			target = 428C5D792FB0200300974489 /* QuoteWidgetExtension */;
			targetProxy = 428C5D8A2FB0200400974489 /* PBXContainerItemProxy */;
		};
/* End PBXTargetDependency section */

/* Begin XCBuildConfiguration section */
		428C5D6B2FB01FDC00974489 /* Debug */ = {
			isa = XCBuildConfiguration;
			buildSettings = {
				ALWAYS_SEARCH_USER_PATHS = NO;
				ASSETCATALOG_COMPILER_GENERATE_SWIFT_ASSET_SYMBOL_EXTENSIONS = YES;
				CLANG_ANALYZER_NONNULL = YES;
				CLANG_ANALYZER_NUMBER_OBJECT_CONVERSION = YES_AGGRESSIVE;
				CLANG_CXX_LANGUAGE_STANDARD = "gnu++20";
				CLANG_ENABLE_MODULES = YES;
				CLANG_ENABLE_OBJC_ARC = YES;
				CLANG_ENABLE_OBJC_WEAK = YES;
				CLANG_WARN_BLOCK_CAPTURE_AUTORELEASING = YES;
				CLANG_WARN_BOOL_CONVERSION = YES;
				CLANG_WARN_COMMA = YES;
				CLANG_WARN_CONSTANT_CONVERSION = YES;
				CLANG_WARN_DEPRECATED_OBJC_IMPLEMENTATIONS = YES;
				CLANG_WARN_DIRECT_OBJC_ISA_USAGE = YES_ERROR;
				CLANG_WARN_DOCUMENTATION_COMMENTS = YES;
				CLANG_WARN_EMPTY_BODY = YES;
				CLANG_WARN_ENUM_CONVERSION = YES;
				CLANG_WARN_INFINITE_RECURSION = YES;
				CLANG_WARN_INT_CONVERSION = YES;
				CLANG_WARN_NON_LITERAL_NULL_CONVERSION = YES;
				CLANG_WARN_OBJC_IMPLICIT_RETAIN_SELF = YES;
				CLANG_WARN_OBJC_LITERAL_CONVERSION = YES;
				CLANG_WARN_OBJC_ROOT_CLASS = YES_ERROR;
				CLANG_WARN_QUOTED_INCLUDE_IN_FRAMEWORK_HEADER = YES;
				CLANG_WARN_RANGE_LOOP_ANALYSIS = YES;
				CLANG_WARN_STRICT_PROTOTYPES = YES;
				CLANG_WARN_SUSPICIOUS_MOVE = YES;
				CLANG_WARN_UNGUARDED_AVAILABILITY = YES_AGGRESSIVE;
				CLANG_WARN_UNREACHABLE_CODE = YES;
				CLANG_WARN__DUPLICATE_METHOD_MATCH = YES;
				COPY_PHASE_STRIP = NO;
				DEBUG_INFORMATION_FORMAT = dwarf;
				DEVELOPMENT_TEAM = UZ8J849S5F;
				ENABLE_STRICT_OBJC_MSGSEND = YES;
				ENABLE_TESTABILITY = YES;
				ENABLE_USER_SCRIPT_SANDBOXING = YES;
				GCC_C_LANGUAGE_STANDARD = gnu17;
				GCC_DYNAMIC_NO_PIC = NO;
				GCC_NO_COMMON_BLOCKS = YES;
				GCC_OPTIMIZATION_LEVEL = 0;
				GCC_PREPROCESSOR_DEFINITIONS = (
					"DEBUG=1",
					"$(inherited)",
				);
				GCC_WARN_64_TO_32_BIT_CONVERSION = YES;
				GCC_WARN_ABOUT_RETURN_TYPE = YES_ERROR;
				GCC_WARN_UNDECLARED_SELECTOR = YES;
				GCC_WARN_UNINITIALIZED_AUTOS = YES_AGGRESSIVE;
				GCC_WARN_UNUSED_FUNCTION = YES;
				GCC_WARN_UNUSED_VARIABLE = YES;
				LOCALIZATION_PREFERS_STRING_CATALOGS = YES;
				MACOSX_DEPLOYMENT_TARGET = 26.2;
				MTL_ENABLE_DEBUG_INFO = INCLUDE_SOURCE;
				MTL_FAST_MATH = YES;
				ONLY_ACTIVE_ARCH = YES;
				SDKROOT = macosx;
				SWIFT_ACTIVE_COMPILATION_CONDITIONS = "DEBUG $(inherited)";
				SWIFT_OPTIMIZATION_LEVEL = "-Onone";
			};
			name = Debug;
		};
		428C5D6C2FB01FDC00974489 /* Release */ = {
			isa = XCBuildConfiguration;
			buildSettings = {
				ALWAYS_SEARCH_USER_PATHS = NO;
				ASSETCATALOG_COMPILER_GENERATE_SWIFT_ASSET_SYMBOL_EXTENSIONS = YES;
				CLANG_ANALYZER_NONNULL = YES;
				CLANG_ANALYZER_NUMBER_OBJECT_CONVERSION = YES_AGGRESSIVE;
				CLANG_CXX_LANGUAGE_STANDARD = "gnu++20";
				CLANG_ENABLE_MODULES = YES;
				CLANG_ENABLE_OBJC_ARC = YES;
				CLANG_ENABLE_OBJC_WEAK = YES;
				CLANG_WARN_BLOCK_CAPTURE_AUTORELEASING = YES;
				CLANG_WARN_BOOL_CONVERSION = YES;
				CLANG_WARN_COMMA = YES;
				CLANG_WARN_CONSTANT_CONVERSION = YES;
				CLANG_WARN_DEPRECATED_OBJC_IMPLEMENTATIONS = YES;
				CLANG_WARN_DIRECT_OBJC_ISA_USAGE = YES_ERROR;
				CLANG_WARN_DOCUMENTATION_COMMENTS = YES;
				CLANG_WARN_EMPTY_BODY = YES;
				CLANG_WARN_ENUM_CONVERSION = YES;
				CLANG_WARN_INFINITE_RECURSION = YES;
				CLANG_WARN_INT_CONVERSION = YES;
				CLANG_WARN_NON_LITERAL_NULL_CONVERSION = YES;
				CLANG_WARN_OBJC_IMPLICIT_RETAIN_SELF = YES;
				CLANG_WARN_OBJC_LITERAL_CONVERSION = YES;
				CLANG_WARN_OBJC_ROOT_CLASS = YES_ERROR;
				CLANG_WARN_QUOTED_INCLUDE_IN_FRAMEWORK_HEADER = YES;
				CLANG_WARN_RANGE_LOOP_ANALYSIS = YES;
				CLANG_WARN_STRICT_PROTOTYPES = YES;
				CLANG_WARN_SUSPICIOUS_MOVE = YES;
				CLANG_WARN_UNGUARDED_AVAILABILITY = YES_AGGRESSIVE;
				CLANG_WARN_UNREACHABLE_CODE = YES;
				CLANG_WARN__DUPLICATE_METHOD_MATCH = YES;
				COPY_PHASE_STRIP = NO;
				DEBUG_INFORMATION_FORMAT = "dwarf-with-dsym";
				DEVELOPMENT_TEAM = UZ8J849S5F;
				ENABLE_NS_ASSERTIONS = NO;
				ENABLE_STRICT_OBJC_MSGSEND = YES;
				ENABLE_USER_SCRIPT_SANDBOXING = YES;
				GCC_C_LANGUAGE_STANDARD = gnu17;
				GCC_NO_COMMON_BLOCKS = YES;
				GCC_WARN_64_TO_32_BIT_CONVERSION = YES;
				GCC_WARN_ABOUT_RETURN_TYPE = YES_ERROR;
				GCC_WARN_UNDECLARED_SELECTOR = YES;
				GCC_WARN_UNINITIALIZED_AUTOS = YES_AGGRESSIVE;
				GCC_WARN_UNUSED_FUNCTION = YES;
				GCC_WARN_UNUSED_VARIABLE = YES;
				LOCALIZATION_PREFERS_STRING_CATALOGS = YES;
				MACOSX_DEPLOYMENT_TARGET = 26.2;
				MTL_ENABLE_DEBUG_INFO = NO;
				MTL_FAST_MATH = YES;
				SDKROOT = macosx;
				SWIFT_COMPILATION_MODE = wholemodule;
			};
			name = Release;
		};
		428C5D6E2FB01FDC00974489 /* Debug */ = {
			isa = XCBuildConfiguration;
			buildSettings = {
				ASSETCATALOG_COMPILER_APPICON_NAME = AppIcon;
				ASSETCATALOG_COMPILER_GLOBAL_ACCENT_COLOR_NAME = AccentColor;
				CODE_SIGN_STYLE = Automatic;
				COMBINE_HIDPI_IMAGES = YES;
				CURRENT_PROJECT_VERSION = 1;
				DEVELOPMENT_TEAM = UZ8J849S5F;
				ENABLE_APP_SANDBOX = YES;
				ENABLE_HARDENED_RUNTIME = YES;
				ENABLE_PREVIEWS = YES;
				ENABLE_USER_SELECTED_FILES = readonly;
				GENERATE_INFOPLIST_FILE = YES;
				INFOPLIST_KEY_NSHumanReadableCopyright = "";
				LD_RUNPATH_SEARCH_PATHS = (
					"$(inherited)",
					"@executable_path/../Frameworks",
				);
				MARKETING_VERSION = 1.0;
				PRODUCT_BUNDLE_IDENTIFIER = "personal.personal-quotes";
				PRODUCT_NAME = "$(TARGET_NAME)";
				REGISTER_APP_GROUPS = YES;
				STRING_CATALOG_GENERATE_SYMBOLS = YES;
				SWIFT_APPROACHABLE_CONCURRENCY = YES;
				SWIFT_DEFAULT_ACTOR_ISOLATION = MainActor;
				SWIFT_EMIT_LOC_STRINGS = YES;
				SWIFT_UPCOMING_FEATURE_MEMBER_IMPORT_VISIBILITY = YES;
				SWIFT_VERSION = 5.0;
			};
			name = Debug;
		};
		428C5D6F2FB01FDC00974489 /* Release */ = {
			isa = XCBuildConfiguration;
			buildSettings = {
				ASSETCATALOG_COMPILER_APPICON_NAME = AppIcon;
				ASSETCATALOG_COMPILER_GLOBAL_ACCENT_COLOR_NAME = AccentColor;
				CODE_SIGN_STYLE = Automatic;
				COMBINE_HIDPI_IMAGES = YES;
				CURRENT_PROJECT_VERSION = 1;
				DEVELOPMENT_TEAM = UZ8J849S5F;
				ENABLE_APP_SANDBOX = YES;
				ENABLE_HARDENED_RUNTIME = YES;
				ENABLE_PREVIEWS = YES;
				ENABLE_USER_SELECTED_FILES = readonly;
				GENERATE_INFOPLIST_FILE = YES;
				INFOPLIST_KEY_NSHumanReadableCopyright = "";
				LD_RUNPATH_SEARCH_PATHS = (
					"$(inherited)",
					"@executable_path/../Frameworks",
				);
				MARKETING_VERSION = 1.0;
				PRODUCT_BUNDLE_IDENTIFIER = "personal.personal-quotes";
				PRODUCT_NAME = "$(TARGET_NAME)";
				REGISTER_APP_GROUPS = YES;
				STRING_CATALOG_GENERATE_SYMBOLS = YES;
				SWIFT_APPROACHABLE_CONCURRENCY = YES;
				SWIFT_DEFAULT_ACTOR_ISOLATION = MainActor;
				SWIFT_EMIT_LOC_STRINGS = YES;
				SWIFT_UPCOMING_FEATURE_MEMBER_IMPORT_VISIBILITY = YES;
				SWIFT_VERSION = 5.0;
			};
			name = Release;
		};
		428C5D712FB01FDC00974489 /* Debug */ = {
			isa = XCBuildConfiguration;
			buildSettings = {
				BUNDLE_LOADER = "$(TEST_HOST)";
				CODE_SIGN_STYLE = Automatic;
				CURRENT_PROJECT_VERSION = 1;
				DEVELOPMENT_TEAM = UZ8J849S5F;
				GENERATE_INFOPLIST_FILE = YES;
				MACOSX_DEPLOYMENT_TARGET = 26.2;
				MARKETING_VERSION = 1.0;
				PRODUCT_BUNDLE_IDENTIFIER = "personal.personal-quotesTests";
				PRODUCT_NAME = "$(TARGET_NAME)";
				STRING_CATALOG_GENERATE_SYMBOLS = NO;
				SWIFT_APPROACHABLE_CONCURRENCY = YES;
				SWIFT_EMIT_LOC_STRINGS = NO;
				SWIFT_UPCOMING_FEATURE_MEMBER_IMPORT_VISIBILITY = YES;
				SWIFT_VERSION = 5.0;
				TEST_HOST = "$(BUILT_PRODUCTS_DIR)/personal_quotes.app/$(BUNDLE_EXECUTABLE_FOLDER_PATH)/personal_quotes";
			};
			name = Debug;
		};
		428C5D722FB01FDC00974489 /* Release */ = {
			isa = XCBuildConfiguration;
			buildSettings = {
				BUNDLE_LOADER = "$(TEST_HOST)";
				CODE_SIGN_STYLE = Automatic;
				CURRENT_PROJECT_VERSION = 1;
				DEVELOPMENT_TEAM = UZ8J849S5F;
				GENERATE_INFOPLIST_FILE = YES;
				MACOSX_DEPLOYMENT_TARGET = 26.2;
				MARKETING_VERSION = 1.0;
				PRODUCT_BUNDLE_IDENTIFIER = "personal.personal-quotesTests";
				PRODUCT_NAME = "$(TARGET_NAME)";
				STRING_CATALOG_GENERATE_SYMBOLS = NO;
				SWIFT_APPROACHABLE_CONCURRENCY = YES;
				SWIFT_EMIT_LOC_STRINGS = NO;
				SWIFT_UPCOMING_FEATURE_MEMBER_IMPORT_VISIBILITY = YES;
				SWIFT_VERSION = 5.0;
				TEST_HOST = "$(BUILT_PRODUCTS_DIR)/personal_quotes.app/$(BUNDLE_EXECUTABLE_FOLDER_PATH)/personal_quotes";
			};
			name = Release;
		};
		428C5D742FB01FDC00974489 /* Debug */ = {
			isa = XCBuildConfiguration;
			buildSettings = {
				CODE_SIGN_STYLE = Automatic;
				CURRENT_PROJECT_VERSION = 1;
				DEVELOPMENT_TEAM = UZ8J849S5F;
				GENERATE_INFOPLIST_FILE = YES;
				MARKETING_VERSION = 1.0;
				PRODUCT_BUNDLE_IDENTIFIER = "personal.personal-quotesUITests";
				PRODUCT_NAME = "$(TARGET_NAME)";
				STRING_CATALOG_GENERATE_SYMBOLS = NO;
				SWIFT_APPROACHABLE_CONCURRENCY = YES;
				SWIFT_EMIT_LOC_STRINGS = NO;
				SWIFT_UPCOMING_FEATURE_MEMBER_IMPORT_VISIBILITY = YES;
				SWIFT_VERSION = 5.0;
				TEST_TARGET_NAME = personal_quotes;
			};
			name = Debug;
		};
		428C5D752FB01FDC00974489 /* Release */ = {
			isa = XCBuildConfiguration;
			buildSettings = {
				CODE_SIGN_STYLE = Automatic;
				CURRENT_PROJECT_VERSION = 1;
				DEVELOPMENT_TEAM = UZ8J849S5F;
				GENERATE_INFOPLIST_FILE = YES;
				MARKETING_VERSION = 1.0;
				PRODUCT_BUNDLE_IDENTIFIER = "personal.personal-quotesUITests";
				PRODUCT_NAME = "$(TARGET_NAME)";
				STRING_CATALOG_GENERATE_SYMBOLS = NO;
				SWIFT_APPROACHABLE_CONCURRENCY = YES;
				SWIFT_EMIT_LOC_STRINGS = NO;
				SWIFT_UPCOMING_FEATURE_MEMBER_IMPORT_VISIBILITY = YES;
				SWIFT_VERSION = 5.0;
				TEST_TARGET_NAME = personal_quotes;
			};
			name = Release;
		};
		428C5D8F2FB0200400974489 /* Debug */ = {
			isa = XCBuildConfiguration;
			buildSettings = {
				ASSETCATALOG_COMPILER_GLOBAL_ACCENT_COLOR_NAME = AccentColor;
				ASSETCATALOG_COMPILER_WIDGET_BACKGROUND_COLOR_NAME = WidgetBackground;
				CODE_SIGN_STYLE = Automatic;
				CURRENT_PROJECT_VERSION = 1;
				DEVELOPMENT_TEAM = UZ8J849S5F;
				ENABLE_APP_SANDBOX = YES;
				ENABLE_HARDENED_RUNTIME = YES;
				GENERATE_INFOPLIST_FILE = YES;
				INFOPLIST_FILE = QuoteWidget/Info.plist;
				INFOPLIST_KEY_CFBundleDisplayName = QuoteWidget;
				INFOPLIST_KEY_NSHumanReadableCopyright = "";
				LD_RUNPATH_SEARCH_PATHS = (
					"$(inherited)",
					"@executable_path/../Frameworks",
					"@executable_path/../../../../Frameworks",
				);
				MACOSX_DEPLOYMENT_TARGET = 26.2;
				MARKETING_VERSION = 1.0;
				PRODUCT_BUNDLE_IDENTIFIER = "personal.personal-quotes.QuoteWidget";
				PRODUCT_NAME = "$(TARGET_NAME)";
				SKIP_INSTALL = YES;
				STRING_CATALOG_GENERATE_SYMBOLS = YES;
				SWIFT_APPROACHABLE_CONCURRENCY = YES;
				SWIFT_EMIT_LOC_STRINGS = YES;
				SWIFT_UPCOMING_FEATURE_MEMBER_IMPORT_VISIBILITY = YES;
				SWIFT_VERSION = 5.0;
			};
			name = Debug;
		};
		428C5D902FB0200400974489 /* Release */ = {
			isa = XCBuildConfiguration;
			buildSettings = {
				ASSETCATALOG_COMPILER_GLOBAL_ACCENT_COLOR_NAME = AccentColor;
				ASSETCATALOG_COMPILER_WIDGET_BACKGROUND_COLOR_NAME = WidgetBackground;
				CODE_SIGN_STYLE = Automatic;
				CURRENT_PROJECT_VERSION = 1;
				DEVELOPMENT_TEAM = UZ8J849S5F;
				ENABLE_APP_SANDBOX = YES;
				ENABLE_HARDENED_RUNTIME = YES;
				GENERATE_INFOPLIST_FILE = YES;
				INFOPLIST_FILE = QuoteWidget/Info.plist;
				INFOPLIST_KEY_CFBundleDisplayName = QuoteWidget;
				INFOPLIST_KEY_NSHumanReadableCopyright = "";
				LD_RUNPATH_SEARCH_PATHS = (
					"$(inherited)",
					"@executable_path/../Frameworks",
					"@executable_path/../../../../Frameworks",
				);
				MACOSX_DEPLOYMENT_TARGET = 26.2;
				MARKETING_VERSION = 1.0;
				PRODUCT_BUNDLE_IDENTIFIER = "personal.personal-quotes.QuoteWidget";
				PRODUCT_NAME = "$(TARGET_NAME)";
				SKIP_INSTALL = YES;
				STRING_CATALOG_GENERATE_SYMBOLS = YES;
				SWIFT_APPROACHABLE_CONCURRENCY = YES;
				SWIFT_EMIT_LOC_STRINGS = YES;
				SWIFT_UPCOMING_FEATURE_MEMBER_IMPORT_VISIBILITY = YES;
				SWIFT_VERSION = 5.0;
			};
			name = Release;
		};
/* End XCBuildConfiguration section */

/* Begin XCConfigurationList section */
		428C5D452FB01FDB00974489 /* Build configuration list for PBXProject "personal_quotes" */ = {
			isa = XCConfigurationList;
			buildConfigurations = (
				428C5D6B2FB01FDC00974489 /* Debug */,
				428C5D6C2FB01FDC00974489 /* Release */,
			);
			defaultConfigurationIsVisible = 0;
			defaultConfigurationName = Release;
		};
		428C5D6D2FB01FDC00974489 /* Build configuration list for PBXNativeTarget "personal_quotes" */ = {
			isa = XCConfigurationList;
			buildConfigurations = (
				428C5D6E2FB01FDC00974489 /* Debug */,
				428C5D6F2FB01FDC00974489 /* Release */,
			);
			defaultConfigurationIsVisible = 0;
			defaultConfigurationName = Release;
		};
		428C5D702FB01FDC00974489 /* Build configuration list for PBXNativeTarget "personal_quotesTests" */ = {
			isa = XCConfigurationList;
			buildConfigurations = (
				428C5D712FB01FDC00974489 /* Debug */,
				428C5D722FB01FDC00974489 /* Release */,
			);
			defaultConfigurationIsVisible = 0;
			defaultConfigurationName = Release;
		};
		428C5D732FB01FDC00974489 /* Build configuration list for PBXNativeTarget "personal_quotesUITests" */ = {
			isa = XCConfigurationList;
			buildConfigurations = (
				428C5D742FB01FDC00974489 /* Debug */,
				428C5D752FB01FDC00974489 /* Release */,
			);
			defaultConfigurationIsVisible = 0;
			defaultConfigurationName = Release;
		};
		428C5D8E2FB0200400974489 /* Build configuration list for PBXNativeTarget "QuoteWidgetExtension" */ = {
			isa = XCConfigurationList;
			buildConfigurations = (
				428C5D8F2FB0200400974489 /* Debug */,
				428C5D902FB0200400974489 /* Release */,
			);
			defaultConfigurationIsVisible = 0;
			defaultConfigurationName = Release;
		};
/* End XCConfigurationList section */
	};
	rootObject = 428C5D422FB01FDB00974489 /* Project object */;
}
